
Microsoft Visual Studio Solution File, Format Version 12.00
# Visual Studio Version 16
VisualStudioVersion = 16.0.29609.76
MinimumVisualStudioVersion = 10.0.40219.1
Project("{FAE04EC0-301F-11D3-BF4B-00C04F79EFBC}") = "Task01", "Task01\Task01.csproj", "{77B4EE32-A0AF-4A71-A7F9-54A2EFD9C22E}"
EndProject
Project("{FAE04EC0-301F-11D3-BF4B-00C04F79EFBC}") = "Task02", "Task02\Task02.csproj", "{FAA7CAC6-12A9-4836-A884-61DF51E7C68A}"
EndProject
Project("{FAE04EC0-301F-11D3-BF4B-00C04F79EFBC}") = "Task03", "Task03\Task03.csproj", "{592E8862-7630-42C9-A6A0-4570A4100902}"
EndProject
Project("{FAE04EC0-301F-11D3-BF4B-00C04F79EFBC}") = "Task04", "Task04\Task04.csproj", "{AEDF6682-12FC-4AC6-AEF9-4FED90194058}"
EndProject
Project("{FAE04EC0-301F-11D3-BF4B-00C04F79EFBC}") = "Task05", "Task05\Task05.csproj", "{1C775949-6E4C-409E-85D4-BFAFFBF6BB96}"
EndProject
Global
	GlobalSection(SolutionConfigurationPlatforms) = preSolution
		Debug|Any CPU = Debug|Any CPU
		Release|Any CPU = Release|Any CPU
	EndGlobalSection
	GlobalSection(ProjectConfigurationPlatforms) = postSolution
		{77B4EE32-A0AF-4A71-A7F9-54A2EFD9C22E}.Debug|Any CPU.ActiveCfg = Debug|Any CPU
		{77B4EE32-A0AF-4A71-A7F9-54A2EFD9C22E}.Debug|Any CPU.Build.0 = Debug|Any CPU
		{77B4EE32-A0AF-4A71-A7F9-54A2EFD9C22E}.Release|Any CPU.ActiveCfg = Release|Any CPU
		{77B4EE32-A0AF-4A71-A7F9-54A2EFD9C22E}.Release|Any CPU.Build.0 = Release|Any CPU
		{FAA7CAC6-12A9-4836-A884-61DF51E7C68A}.Debug|Any CPU.ActiveCfg = Debug|Any CPU
		{FAA7CAC6-12A9-4836-A884-61DF51E7C68A}.Debug|Any CPU.Build.0 = Debug|Any CPU
		{FAA7CAC6-12A9-4836-A884-61DF51E7C68A}.Release|Any CPU.ActiveCfg = Release|Any CPU
		{FAA7CAC6-12A9-4836-A884-61DF51E7C68A}.Release|Any CPU.Build.0 = Release|Any CPU
		{592E8862-7630-42C9-A6A0-4570A4100902}.Debug|Any CPU.ActiveCfg = Debug|Any CPU
		{592E8862-7630-42C9-A6A0-4570A4100902}.Debug|Any CPU.Build.0 = Debug|Any CPU
		{592E8862-7630-42C9-A6A0-4570A4100902}.Release|Any CPU.ActiveCfg = Release|Any CPU
		{592E8862-7630-42C9-A6A0-4570A4100902}.Release|Any CPU.Build.0 = Release|Any CPU
		{AEDF6682-12FC-4AC6-AEF9-4FED90194058}.Debug|Any CPU.ActiveCfg = Debug|Any CPU
		{AEDF6682-12FC-4AC6-AEF9-4FED90194058}.Debug|Any CPU.Build.0 = Debug|Any CPU
		{AEDF6682-12FC-4AC6-AEF9-4FED90194058}.Release|Any CPU.ActiveCfg = Release|Any CPU
		{AEDF6682-12FC-4AC6-AEF9-4FED90194058}.Release|Any CPU.Build.0 = Release|Any CPU
		{1C775949-6E4C-409E-85D4-BFAFFBF6BB96}.Debug|Any CPU.ActiveCfg = Debug|Any CPU
		{1C775949-6E4C-409E-85D4-BFAFFBF6BB96}.Debug|Any CPU.Build.0 = Debug|Any CPU
		{1C775949-6E4C-409E-85D4-BFAFFBF6BB96}.Release|Any CPU.ActiveCfg = Release|Any CPU
		{1C775949-6E4C-409E-85D4-BFAFFBF6BB96}.Release|Any CPU.Build.0 = Release|Any CPU
	EndGlobalSection
	GlobalSection(SolutionProperties) = preSolution
		HideSolutionNode = FALSE
	EndGlobalSection
	GlobalSection(ExtensibilityGlobals) = postSolution
		SolutionGuid = {BE320835-E6BD-47B5-8E35-1AE74B160CD7}
	EndGlobalSection
EndGlobal
