
Microsoft Visual Studio Solution File, Format Version 12.00
# Visual Studio Version 16
VisualStudioVersion = 16.0.29613.14
MinimumVisualStudioVersion = 10.0.40219.1
Project("{FAE04EC0-301F-11D3-BF4B-00C04F79EFBC}") = "Task03", "Task03\Task03.csproj", "{8A4B13D1-CB44-4B23-8F2E-E25B0CD51DF3}"
EndProject
Project("{FAE04EC0-301F-11D3-BF4B-00C04F79EFBC}") = "Task01", "Task01\Task01.csproj", "{7B6506EF-6B63-4499-9017-E132B7993C3B}"
EndProject
Project("{FAE04EC0-301F-11D3-BF4B-00C04F79EFBC}") = "Task02", "Task02\Task02.csproj", "{FD5A1079-883B-440E-B36F-7920CD6525D3}"
EndProject
Project("{FAE04EC0-301F-11D3-BF4B-00C04F79EFBC}") = "Task04", "Task04\Task04.csproj", "{08D5C0B0-2922-4391-972F-B35CD33B5A7F}"
EndProject
Project("{FAE04EC0-301F-11D3-BF4B-00C04F79EFBC}") = "Task05", "Task05\Task05.csproj", "{BC69698D-3E35-4DBF-879D-DECE962E609A}"
EndProject
Global
	GlobalSection(SolutionConfigurationPlatforms) = preSolution
		Debug|Any CPU = Debug|Any CPU
		Release|Any CPU = Release|Any CPU
	EndGlobalSection
	GlobalSection(ProjectConfigurationPlatforms) = postSolution
		{8A4B13D1-CB44-4B23-8F2E-E25B0CD51DF3}.Debug|Any CPU.ActiveCfg = Debug|Any CPU
		{8A4B13D1-CB44-4B23-8F2E-E25B0CD51DF3}.Debug|Any CPU.Build.0 = Debug|Any CPU
		{8A4B13D1-CB44-4B23-8F2E-E25B0CD51DF3}.Release|Any CPU.ActiveCfg = Release|Any CPU
		{8A4B13D1-CB44-4B23-8F2E-E25B0CD51DF3}.Release|Any CPU.Build.0 = Release|Any CPU
		{7B6506EF-6B63-4499-9017-E132B7993C3B}.Debug|Any CPU.ActiveCfg = Debug|Any CPU
		{7B6506EF-6B63-4499-9017-E132B7993C3B}.Debug|Any CPU.Build.0 = Debug|Any CPU
		{7B6506EF-6B63-4499-9017-E132B7993C3B}.Release|Any CPU.ActiveCfg = Release|Any CPU
		{7B6506EF-6B63-4499-9017-E132B7993C3B}.Release|Any CPU.Build.0 = Release|Any CPU
		{FD5A1079-883B-440E-B36F-7920CD6525D3}.Debug|Any CPU.ActiveCfg = Debug|Any CPU
		{FD5A1079-883B-440E-B36F-7920CD6525D3}.Debug|Any CPU.Build.0 = Debug|Any CPU
		{FD5A1079-883B-440E-B36F-7920CD6525D3}.Release|Any CPU.ActiveCfg = Release|Any CPU
		{FD5A1079-883B-440E-B36F-7920CD6525D3}.Release|Any CPU.Build.0 = Release|Any CPU
		{08D5C0B0-2922-4391-972F-B35CD33B5A7F}.Debug|Any CPU.ActiveCfg = Debug|Any CPU
		{08D5C0B0-2922-4391-972F-B35CD33B5A7F}.Debug|Any CPU.Build.0 = Debug|Any CPU
		{08D5C0B0-2922-4391-972F-B35CD33B5A7F}.Release|Any CPU.ActiveCfg = Release|Any CPU
		{08D5C0B0-2922-4391-972F-B35CD33B5A7F}.Release|Any CPU.Build.0 = Release|Any CPU
		{BC69698D-3E35-4DBF-879D-DECE962E609A}.Debug|Any CPU.ActiveCfg = Debug|Any CPU
		{BC69698D-3E35-4DBF-879D-DECE962E609A}.Debug|Any CPU.Build.0 = Debug|Any CPU
		{BC69698D-3E35-4DBF-879D-DECE962E609A}.Release|Any CPU.ActiveCfg = Release|Any CPU
		{BC69698D-3E35-4DBF-879D-DECE962E609A}.Release|Any CPU.Build.0 = Release|Any CPU
	EndGlobalSection
	GlobalSection(SolutionProperties) = preSolution
		HideSolutionNode = FALSE
	EndGlobalSection
	GlobalSection(ExtensibilityGlobals) = postSolution
		SolutionGuid = {3FFAB9ED-E2AD-4C89-8EBA-42C5D0A4E4A3}
	EndGlobalSection
EndGlobal
