
Microsoft Visual Studio Solution File, Format Version 12.00
# Visual Studio Version 16
VisualStudioVersion = 16.0.29519.181
MinimumVisualStudioVersion = 10.0.40219.1
Project("{FAE04EC0-301F-11D3-BF4B-00C04F79EFBC}") = "Task01", "Task01\Task01.csproj", "{094C4734-6F35-4A4E-A0F9-6215C9FA56B6}"
EndProject
Project("{FAE04EC0-301F-11D3-BF4B-00C04F79EFBC}") = "Task02", "Task02\Task02.csproj", "{EE069A26-2D05-4A49-9725-236AAA918ABF}"
EndProject
Project("{FAE04EC0-301F-11D3-BF4B-00C04F79EFBC}") = "Task03", "Task03\Task03.csproj", "{58652F1D-1775-4346-8F2F-883D23719A81}"
EndProject
Project("{FAE04EC0-301F-11D3-BF4B-00C04F79EFBC}") = "Task04", "Task04\Task04.csproj", "{537567EF-FABD-4689-A65D-3142DFF0F80C}"
EndProject
Project("{FAE04EC0-301F-11D3-BF4B-00C04F79EFBC}") = "Task05", "Task05\Task05.csproj", "{6BC2FE24-F00F-47B7-A9AD-9C1786334443}"
EndProject
Global
	GlobalSection(SolutionConfigurationPlatforms) = preSolution
		Debug|Any CPU = Debug|Any CPU
		Release|Any CPU = Release|Any CPU
	EndGlobalSection
	GlobalSection(ProjectConfigurationPlatforms) = postSolution
		{094C4734-6F35-4A4E-A0F9-6215C9FA56B6}.Debug|Any CPU.ActiveCfg = Debug|Any CPU
		{094C4734-6F35-4A4E-A0F9-6215C9FA56B6}.Debug|Any CPU.Build.0 = Debug|Any CPU
		{094C4734-6F35-4A4E-A0F9-6215C9FA56B6}.Release|Any CPU.ActiveCfg = Release|Any CPU
		{094C4734-6F35-4A4E-A0F9-6215C9FA56B6}.Release|Any CPU.Build.0 = Release|Any CPU
		{EE069A26-2D05-4A49-9725-236AAA918ABF}.Debug|Any CPU.ActiveCfg = Debug|Any CPU
		{EE069A26-2D05-4A49-9725-236AAA918ABF}.Debug|Any CPU.Build.0 = Debug|Any CPU
		{EE069A26-2D05-4A49-9725-236AAA918ABF}.Release|Any CPU.ActiveCfg = Release|Any CPU
		{EE069A26-2D05-4A49-9725-236AAA918ABF}.Release|Any CPU.Build.0 = Release|Any CPU
		{58652F1D-1775-4346-8F2F-883D23719A81}.Debug|Any CPU.ActiveCfg = Debug|Any CPU
		{58652F1D-1775-4346-8F2F-883D23719A81}.Debug|Any CPU.Build.0 = Debug|Any CPU
		{58652F1D-1775-4346-8F2F-883D23719A81}.Release|Any CPU.ActiveCfg = Release|Any CPU
		{58652F1D-1775-4346-8F2F-883D23719A81}.Release|Any CPU.Build.0 = Release|Any CPU
		{537567EF-FABD-4689-A65D-3142DFF0F80C}.Debug|Any CPU.ActiveCfg = Debug|Any CPU
		{537567EF-FABD-4689-A65D-3142DFF0F80C}.Debug|Any CPU.Build.0 = Debug|Any CPU
		{537567EF-FABD-4689-A65D-3142DFF0F80C}.Release|Any CPU.ActiveCfg = Release|Any CPU
		{537567EF-FABD-4689-A65D-3142DFF0F80C}.Release|Any CPU.Build.0 = Release|Any CPU
		{6BC2FE24-F00F-47B7-A9AD-9C1786334443}.Debug|Any CPU.ActiveCfg = Debug|Any CPU
		{6BC2FE24-F00F-47B7-A9AD-9C1786334443}.Debug|Any CPU.Build.0 = Debug|Any CPU
		{6BC2FE24-F00F-47B7-A9AD-9C1786334443}.Release|Any CPU.ActiveCfg = Release|Any CPU
		{6BC2FE24-F00F-47B7-A9AD-9C1786334443}.Release|Any CPU.Build.0 = Release|Any CPU
	EndGlobalSection
	GlobalSection(SolutionProperties) = preSolution
		HideSolutionNode = FALSE
	EndGlobalSection
	GlobalSection(ExtensibilityGlobals) = postSolution
		SolutionGuid = {F7EE8ED9-5A4C-48D8-8D3B-3007BCC11CC2}
	EndGlobalSection
EndGlobal
