
Microsoft Visual Studio Solution File, Format Version 12.00
# Visual Studio Version 16
VisualStudioVersion = 16.0.29519.87
MinimumVisualStudioVersion = 10.0.40219.1
Project("{FAE04EC0-301F-11D3-BF4B-00C04F79EFBC}") = "Task01", "Task01\Task01.csproj", "{93A786A3-4086-4BFA-A08F-FFD5648EC080}"
EndProject
Project("{FAE04EC0-301F-11D3-BF4B-00C04F79EFBC}") = "Task02", "Task02\Task02.csproj", "{86975A38-9447-4157-8650-24ADEB0E8EE3}"
EndProject
Project("{FAE04EC0-301F-11D3-BF4B-00C04F79EFBC}") = "Task03", "Task03\Task03.csproj", "{21A822C3-6D2E-4BD0-8A12-09C6BFC44A4A}"
EndProject
Project("{FAE04EC0-301F-11D3-BF4B-00C04F79EFBC}") = "Task04", "Task04\Task04.csproj", "{F3D0A547-1575-4A99-95E0-07D1A2C2654A}"
EndProject
Project("{FAE04EC0-301F-11D3-BF4B-00C04F79EFBC}") = "Task05", "Task05\Task05.csproj", "{7952A494-29D5-4F35-8000-274B41005991}"
EndProject
Project("{FAE04EC0-301F-11D3-BF4B-00C04F79EFBC}") = "Task06", "Task06\Task06.csproj", "{CBA43EDF-BB1C-4FB6-B272-21E8112940C5}"
EndProject
Global
	GlobalSection(SolutionConfigurationPlatforms) = preSolution
		Debug|Any CPU = Debug|Any CPU
		Release|Any CPU = Release|Any CPU
	EndGlobalSection
	GlobalSection(ProjectConfigurationPlatforms) = postSolution
		{93A786A3-4086-4BFA-A08F-FFD5648EC080}.Debug|Any CPU.ActiveCfg = Debug|Any CPU
		{93A786A3-4086-4BFA-A08F-FFD5648EC080}.Debug|Any CPU.Build.0 = Debug|Any CPU
		{93A786A3-4086-4BFA-A08F-FFD5648EC080}.Release|Any CPU.ActiveCfg = Release|Any CPU
		{93A786A3-4086-4BFA-A08F-FFD5648EC080}.Release|Any CPU.Build.0 = Release|Any CPU
		{86975A38-9447-4157-8650-24ADEB0E8EE3}.Debug|Any CPU.ActiveCfg = Debug|Any CPU
		{86975A38-9447-4157-8650-24ADEB0E8EE3}.Debug|Any CPU.Build.0 = Debug|Any CPU
		{86975A38-9447-4157-8650-24ADEB0E8EE3}.Release|Any CPU.ActiveCfg = Release|Any CPU
		{86975A38-9447-4157-8650-24ADEB0E8EE3}.Release|Any CPU.Build.0 = Release|Any CPU
		{21A822C3-6D2E-4BD0-8A12-09C6BFC44A4A}.Debug|Any CPU.ActiveCfg = Debug|Any CPU
		{21A822C3-6D2E-4BD0-8A12-09C6BFC44A4A}.Debug|Any CPU.Build.0 = Debug|Any CPU
		{21A822C3-6D2E-4BD0-8A12-09C6BFC44A4A}.Release|Any CPU.ActiveCfg = Release|Any CPU
		{21A822C3-6D2E-4BD0-8A12-09C6BFC44A4A}.Release|Any CPU.Build.0 = Release|Any CPU
		{F3D0A547-1575-4A99-95E0-07D1A2C2654A}.Debug|Any CPU.ActiveCfg = Debug|Any CPU
		{F3D0A547-1575-4A99-95E0-07D1A2C2654A}.Debug|Any CPU.Build.0 = Debug|Any CPU
		{F3D0A547-1575-4A99-95E0-07D1A2C2654A}.Release|Any CPU.ActiveCfg = Release|Any CPU
		{F3D0A547-1575-4A99-95E0-07D1A2C2654A}.Release|Any CPU.Build.0 = Release|Any CPU
		{7952A494-29D5-4F35-8000-274B41005991}.Debug|Any CPU.ActiveCfg = Debug|Any CPU
		{7952A494-29D5-4F35-8000-274B41005991}.Debug|Any CPU.Build.0 = Debug|Any CPU
		{7952A494-29D5-4F35-8000-274B41005991}.Release|Any CPU.ActiveCfg = Release|Any CPU
		{7952A494-29D5-4F35-8000-274B41005991}.Release|Any CPU.Build.0 = Release|Any CPU
		{CBA43EDF-BB1C-4FB6-B272-21E8112940C5}.Debug|Any CPU.ActiveCfg = Debug|Any CPU
		{CBA43EDF-BB1C-4FB6-B272-21E8112940C5}.Debug|Any CPU.Build.0 = Debug|Any CPU
		{CBA43EDF-BB1C-4FB6-B272-21E8112940C5}.Release|Any CPU.ActiveCfg = Release|Any CPU
		{CBA43EDF-BB1C-4FB6-B272-21E8112940C5}.Release|Any CPU.Build.0 = Release|Any CPU
	EndGlobalSection
	GlobalSection(SolutionProperties) = preSolution
		HideSolutionNode = FALSE
	EndGlobalSection
	GlobalSection(ExtensibilityGlobals) = postSolution
		SolutionGuid = {D7A74723-E60D-4C68-820E-5E73C2FAA5A8}
	EndGlobalSection
EndGlobal
